// !$*UTF8*$!
{
	archiveVersion = 1;
	classes = {
	};
	objectVersion = 46;
	objects = {

/* Begin PBXBuildFile section */
		8403F0EE1B2D0FA500A7B97D /* AppDelegate.swift in Sources */ = {isa = PBXBuildFile; fileRef = 8403F0ED1B2D0FA500A7B97D /* AppDelegate.swift */; };
		8403F0F11B2D0FA500A7B97D /* MyVideoApp.xcdatamodeld in Sources */ = {isa = PBXBuildFile; fileRef = 8403F0EF1B2D0FA500A7B97D /* MyVideoApp.xcdatamodeld */; };
		8403F0F31B2D0FA600A7B97D /* ViewController.swift in Sources */ = {isa = PBXBuildFile; fileRef = 8403F0F21B2D0FA600A7B97D /* ViewController.swift */; };
		8403F0F61B2D0FA600A7B97D /* Main.storyboard in Resources */ = {isa = PBXBuildFile; fileRef = 8403F0F41B2D0FA600A7B97D /* Main.storyboard */; };
		8403F0F81B2D0FA600A7B97D /* Images.xcassets in Resources */ = {isa = PBXBuildFile; fileRef = 8403F0F71B2D0FA600A7B97D /* Images.xcassets */; };
		8403F0FB1B2D0FA600A7B97D /* LaunchScreen.xib in Resources */ = {isa = PBXBuildFile; fileRef = 8403F0F91B2D0FA600A7B97D /* LaunchScreen.xib */; };
		8403F1071B2D0FA600A7B97D /* MyVideoAppTests.swift in Sources */ = {isa = PBXBuildFile; fileRef = 8403F1061B2D0FA600A7B97D /* MyVideoAppTests.swift */; };
/* End PBXBuildFile section */

/* Begin PBXContainerItemProxy section */
		8403F1011B2D0FA600A7B97D /* PBXContainerItemProxy */ = {
			isa = PBXContainerItemProxy;
			containerPortal = 8403F0E01B2D0FA500A7B97D /* Project object */;
			proxyType = 1;
			remoteGlobalIDString = 8403F0E71B2D0FA500A7B97D;
			remoteInfo = MyVideoApp;
		};
/* End PBXContainerItemProxy section */

/* Begin PBXFileReference section */
		8403F0E81B2D0FA500A7B97D /* MyVideoApp.app */ = {isa = PBXFileReference; explicitFileType = wrapper.application; includeInIndex = 0; path = MyVideoApp.app; sourceTree = BUILT_PRODUCTS_DIR; };
		8403F0EC1B2D0FA500A7B97D /* Info.plist */ = {isa = PBXFileReference; lastKnownFileType = text.plist.xml; path = Info.plist; sourceTree = "<group>"; };
		8403F0ED1B2D0FA500A7B97D /* AppDelegate.swift */ = {isa = PBXFileReference; lastKnownFileType = sourcecode.swift; path = AppDelegate.swift; sourceTree = "<group>"; };
		8403F0F01B2D0FA500A7B97D /* MyVideoApp.xcdatamodel */ = {isa = PBXFileReference; lastKnownFileType = wrapper.xcdatamodel; path = MyVideoApp.xcdatamodel; sourceTree = "<group>"; };
		8403F0F21B2D0FA600A7B97D /* ViewController.swift */ = {isa = PBXFileReference; lastKnownFileType = sourcecode.swift; path = ViewController.swift; sourceTree = "<group>"; };
		8403F0F51B2D0FA600A7B97D /* Base */ = {isa = PBXFileReference; lastKnownFileType = file.storyboard; name = Base; path = Base.lproj/Main.storyboard; sourceTree = "<group>"; };
		8403F0F71B2D0FA600A7B97D /* Images.xcassets */ = {isa = PBXFileReference; lastKnownFileType = folder.assetcatalog; path = Images.xcassets; sourceTree = "<group>"; };
		8403F0FA1B2D0FA600A7B97D /* Base */ = {isa = PBXFileReference; lastKnownFileType = file.xib; name = Base; path = Base.lproj/LaunchScreen.xib; sourceTree = "<group>"; };
		8403F1001B2D0FA600A7B97D /* MyVideoAppTests.xctest */ = {isa = PBXFileReference; explicitFileType = wrapper.cfbundle; includeInIndex = 0; path = MyVideoAppTests.xctest; sourceTree = BUILT_PRODUCTS_DIR; };
		8403F1051B2D0FA600A7B97D /* Info.plist */ = {isa = PBXFileReference; lastKnownFileType = text.plist.xml; path = Info.plist; sourceTree = "<group>"; };
		8403F1061B2D0FA600A7B97D /* MyVideoAppTests.swift */ = {isa = PBXFileReference; lastKnownFileType = sourcecode.swift; path = MyVideoAppTests.swift; sourceTree = "<group>"; };
/* End PBXFileReference section */

/* Begin PBXFrameworksBuildPhase section */
		8403F0E51B2D0FA500A7B97D /* Frameworks */ = {
			isa = PBXFrameworksBuildPhase;
			buildActionMask = 2147483647;
			files = (
			);
			runOnlyForDeploymentPostprocessing = 0;
		};
		8403F0FD1B2D0FA600A7B97D /* Frameworks */ = {
			isa = PBXFrameworksBuildPhase;
			buildActionMask = 2147483647;
			files = (
			);
			runOnlyForDeploymentPostprocessing = 0;
		};
/* End PBXFrameworksBuildPhase section */

/* Begin PBXGroup section */
		8403F0DF1B2D0FA500A7B97D = {
			isa = PBXGroup;
			children = (
				8403F0EA1B2D0FA500A7B97D /* MyVideoApp */,
				8403F1031B2D0FA600A7B97D /* MyVideoAppTests */,
				8403F0E91B2D0FA500A7B97D /* Products */,
			);
			sourceTree = "<group>";
		};
		8403F0E91B2D0FA500A7B97D /* Products */ = {
			isa = PBXGroup;
			children = (
				8403F0E81B2D0FA500A7B97D /* MyVideoApp.app */,
				8403F1001B2D0FA600A7B97D /* MyVideoAppTests.xctest */,
			);
			name = Products;
			sourceTree = "<group>";
		};
		8403F0EA1B2D0FA500A7B97D /* MyVideoApp */ = {
			isa = PBXGroup;
			children = (
				8403F0ED1B2D0FA500A7B97D /* AppDelegate.swift */,
				8403F0F21B2D0FA600A7B97D /* ViewController.swift */,
				8403F0F41B2D0FA600A7B97D /* Main.storyboard */,
				8403F0F71B2D0FA600A7B97D /* Images.xcassets */,
				8403F0F91B2D0FA600A7B97D /* LaunchScreen.xib */,
				8403F0EF1B2D0FA500A7B97D /* MyVideoApp.xcdatamodeld */,
				8403F0EB1B2D0FA500A7B97D /* Supporting Files */,
			);
			path = MyVideoApp;
			sourceTree = "<group>";
		};
		8403F0EB1B2D0FA500A7B97D /* Supporting Files */ = {
			isa = PBXGroup;
			children = (
				8403F0EC1B2D0FA500A7B97D /* Info.plist */,
			);
			name = "Supporting Files";
			sourceTree = "<group>";
		};
		8403F1031B2D0FA600A7B97D /* MyVideoAppTests */ = {
			isa = PBXGroup;
			children = (
				8403F1061B2D0FA600A7B97D /* MyVideoAppTests.swift */,
				8403F1041B2D0FA600A7B97D /* Supporting Files */,
			);
			path = MyVideoAppTests;
			sourceTree = "<group>";
		};
		8403F1041B2D0FA600A7B97D /* Supporting Files */ = {
			isa = PBXGroup;
			children = (
				8403F1051B2D0FA600A7B97D /* Info.plist */,
			);
			name = "Supporting Files";
			sourceTree = "<group>";
		};
/* End PBXGroup section */

/* Begin PBXNativeTarget section */
		8403F0E71B2D0FA500A7B97D /* MyVideoApp */ = {
			isa = PBXNativeTarget;
			buildConfigurationList = 8403F10A1B2D0FA600A7B97D /* Build configuration list for PBXNativeTarget "MyVideoApp" */;
			buildPhases = (
				8403F0E41B2D0FA500A7B97D /* Sources */,
				8403F0E51B2D0FA500A7B97D /* Frameworks */,
				8403F0E61B2D0FA500A7B97D /* Resources */,
			);
			buildRules = (
			);
			dependencies = (
			);
			name = MyVideoApp;
			productName = MyVideoApp;
			productReference = 8403F0E81B2D0FA500A7B97D /* MyVideoApp.app */;
			productType = "com.apple.product-type.application";
		};
		8403F0FF1B2D0FA600A7B97D /* MyVideoAppTests */ = {
			isa = PBXNativeTarget;
			buildConfigurationList = 8403F10D1B2D0FA600A7B97D /* Build configuration list for PBXNativeTarget "MyVideoAppTests" */;
			buildPhases = (
				8403F0FC1B2D0FA600A7B97D /* Sources */,
				8403F0FD1B2D0FA600A7B97D /* Frameworks */,
				8403F0FE1B2D0FA600A7B97D /* Resources */,
			);
			buildRules = (
			);
			dependencies = (
				8403F1021B2D0FA600A7B97D /* PBXTargetDependency */,
			);
			name = MyVideoAppTests;
			productName = MyVideoAppTests;
			productReference = 8403F1001B2D0FA600A7B97D /* MyVideoAppTests.xctest */;
			productType = "com.apple.product-type.bundle.unit-test";
		};
/* End PBXNativeTarget section */

/* Begin PBXProject section */
		8403F0E01B2D0FA500A7B97D /* Project object */ = {
			isa = PBXProject;
			attributes = {
				LastUpgradeCheck = 0630;
				ORGANIZATIONNAME = "Rock Valley College";
				TargetAttributes = {
					8403F0E71B2D0FA500A7B97D = {
						CreatedOnToolsVersion = 6.3.1;
					};
					8403F0FF1B2D0FA600A7B97D = {
						CreatedOnToolsVersion = 6.3.1;
						TestTargetID = 8403F0E71B2D0FA500A7B97D;
					};
				};
			};
			buildConfigurationList = 8403F0E31B2D0FA500A7B97D /* Build configuration list for PBXProject "MyVideoApp" */;
			compatibilityVersion = "Xcode 3.2";
			developmentRegion = English;
			hasScannedForEncodings = 0;
			knownRegions = (
				en,
				Base,
			);
			mainGroup = 8403F0DF1B2D0FA500A7B97D;
			productRefGroup = 8403F0E91B2D0FA500A7B97D /* Products */;
			projectDirPath = "";
			projectRoot = "";
			targets = (
				8403F0E71B2D0FA500A7B97D /* MyVideoApp */,
				8403F0FF1B2D0FA600A7B97D /* MyVideoAppTests */,
			);
		};
/* End PBXProject section */

/* Begin PBXResourcesBuildPhase section */
		8403F0E61B2D0FA500A7B97D /* Resources */ = {
			isa = PBXResourcesBuildPhase;
			buildActionMask = 2147483647;
			files = (
				8403F0F61B2D0FA600A7B97D /* Main.storyboard in Resources */,
				8403F0FB1B2D0FA600A7B97D /* LaunchScreen.xib in Resources */,
				8403F0F81B2D0FA600A7B97D /* Images.xcassets in Resources */,
			);
			runOnlyForDeploymentPostprocessing = 0;
		};
		8403F0FE1B2D0FA600A7B97D /* Resources */ = {
			isa = PBXResourcesBuildPhase;
			buildActionMask = 2147483647;
			files = (
			);
			runOnlyForDeploymentPostprocessing = 0;
		};
/* End PBXResourcesBuildPhase section */

/* Begin PBXSourcesBuildPhase section */
		8403F0E41B2D0FA500A7B97D /* Sources */ = {
			isa = PBXSourcesBuildPhase;
			buildActionMask = 2147483647;
			files = (
				8403F0F31B2D0FA600A7B97D /* ViewController.swift in Sources */,
				8403F0EE1B2D0FA500A7B97D /* AppDelegate.swift in Sources */,
				8403F0F11B2D0FA500A7B97D /* MyVideoApp.xcdatamodeld in Sources */,
			);
			runOnlyForDeploymentPostprocessing = 0;
		};
		8403F0FC1B2D0FA600A7B97D /* Sources */ = {
			isa = PBXSourcesBuildPhase;
			buildActionMask = 2147483647;
			files = (
				8403F1071B2D0FA600A7B97D /* MyVideoAppTests.swift in Sources */,
			);
			runOnlyForDeploymentPostprocessing = 0;
		};
/* End PBXSourcesBuildPhase section */

/* Begin PBXTargetDependency section */
		8403F1021B2D0FA600A7B97D /* PBXTargetDependency */ = {
			isa = PBXTargetDependency;
			target = 8403F0E71B2D0FA500A7B97D /* MyVideoApp */;
			targetProxy = 8403F1011B2D0FA600A7B97D /* PBXContainerItemProxy */;
		};
/* End PBXTargetDependency section */

/* Begin PBXVariantGroup section */
		8403F0F41B2D0FA600A7B97D /* Main.storyboard */ = {
			isa = PBXVariantGroup;
			children = (
				8403F0F51B2D0FA600A7B97D /* Base */,
			);
			name = Main.storyboard;
			sourceTree = "<group>";
		};
		8403F0F91B2D0FA600A7B97D /* LaunchScreen.xib */ = {
			isa = PBXVariantGroup;
			children = (
				8403F0FA1B2D0FA600A7B97D /* Base */,
			);
			name = LaunchScreen.xib;
			sourceTree = "<group>";
		};
/* End PBXVariantGroup section */

/* Begin XCBuildConfiguration section */
		8403F1081B2D0FA600A7B97D /* Debug */ = {
			isa = XCBuildConfiguration;
			buildSettings = {
				ALWAYS_SEARCH_USER_PATHS = NO;
				CLANG_CXX_LANGUAGE_STANDARD = "gnu++0x";
				CLANG_CXX_LIBRARY = "libc++";
				CLANG_ENABLE_MODULES = YES;
				CLANG_ENABLE_OBJC_ARC = YES;
				CLANG_WARN_BOOL_CONVERSION = YES;
				CLANG_WARN_CONSTANT_CONVERSION = YES;
				CLANG_WARN_DIRECT_OBJC_ISA_USAGE = YES_ERROR;
				CLANG_WARN_EMPTY_BODY = YES;
				CLANG_WARN_ENUM_CONVERSION = YES;
				CLANG_WARN_INT_CONVERSION = YES;
				CLANG_WARN_OBJC_ROOT_CLASS = YES_ERROR;
				CLANG_WARN_UNREACHABLE_CODE = YES;
				CLANG_WARN__DUPLICATE_METHOD_MATCH = YES;
				"CODE_SIGN_IDENTITY[sdk=iphoneos*]" = "iPhone Developer";
				COPY_PHASE_STRIP = NO;
				DEBUG_INFORMATION_FORMAT = "dwarf-with-dsym";
				ENABLE_STRICT_OBJC_MSGSEND = YES;
				GCC_C_LANGUAGE_STANDARD = gnu99;
				GCC_DYNAMIC_NO_PIC = NO;
				GCC_NO_COMMON_BLOCKS = YES;
				GCC_OPTIMIZATION_LEVEL = 0;
				GCC_PREPROCESSOR_DEFINITIONS = (
					"DEBUG=1",
					"$(inherited)",
				);
				GCC_SYMBOLS_PRIVATE_EXTERN = NO;
				GCC_WARN_64_TO_32_BIT_CONVERSION = YES;
				GCC_WARN_ABOUT_RETURN_TYPE = YES_ERROR;
				GCC_WARN_UNDECLARED_SELECTOR = YES;
				GCC_WARN_UNINITIALIZED_AUTOS = YES_AGGRESSIVE;
				GCC_WARN_UNUSED_FUNCTION = YES;
				GCC_WARN_UNUSED_VARIABLE = YES;
				IPHONEOS_DEPLOYMENT_TARGET = 8.3;
				MTL_ENABLE_DEBUG_INFO = YES;
				ONLY_ACTIVE_ARCH = YES;
				SDKROOT = iphoneos;
				SWIFT_OPTIMIZATION_LEVEL = "-Onone";
				TARGETED_DEVICE_FAMILY = "1,2";
			};
			name = Debug;
		};
		8403F1091B2D0FA600A7B97D /* Release */ = {
			isa = XCBuildConfiguration;
			buildSettings = {
				ALWAYS_SEARCH_USER_PATHS = NO;
				CLANG_CXX_LANGUAGE_STANDARD = "gnu++0x";
				CLANG_CXX_LIBRARY = "libc++";
				CLANG_ENABLE_MODULES = YES;
				CLANG_ENABLE_OBJC_ARC = YES;
				CLANG_WARN_BOOL_CONVERSION = YES;
				CLANG_WARN_CONSTANT_CONVERSION = YES;
				CLANG_WARN_DIRECT_OBJC_ISA_USAGE = YES_ERROR;
				CLANG_WARN_EMPTY_BODY = YES;
				CLANG_WARN_ENUM_CONVERSION = YES;
				CLANG_WARN_INT_CONVERSION = YES;
				CLANG_WARN_OBJC_ROOT_CLASS = YES_ERROR;
				CLANG_WARN_UNREACHABLE_CODE = YES;
				CLANG_WARN__DUPLICATE_METHOD_MATCH = YES;
				"CODE_SIGN_IDENTITY[sdk=iphoneos*]" = "iPhone Developer";
				COPY_PHASE_STRIP = NO;
				DEBUG_INFORMATION_FORMAT = "dwarf-with-dsym";
				ENABLE_NS_ASSERTIONS = NO;
				ENABLE_STRICT_OBJC_MSGSEND = YES;
				GCC_C_LANGUAGE_STANDARD = gnu99;
				GCC_NO_COMMON_BLOCKS = YES;
				GCC_WARN_64_TO_32_BIT_CONVERSION = YES;
				GCC_WARN_ABOUT_RETURN_TYPE = YES_ERROR;
				GCC_WARN_UNDECLARED_SELECTOR = YES;
				GCC_WARN_UNINITIALIZED_AUTOS = YES_AGGRESSIVE;
				GCC_WARN_UNUSED_FUNCTION = YES;
				GCC_WARN_UNUSED_VARIABLE = YES;
				IPHONEOS_DEPLOYMENT_TARGET = 8.3;
				MTL_ENABLE_DEBUG_INFO = NO;
				SDKROOT = iphoneos;
				TARGETED_DEVICE_FAMILY = "1,2";
				VALIDATE_PRODUCT = YES;
			};
			name = Release;
		};
		8403F10B1B2D0FA600A7B97D /* Debug */ = {
			isa = XCBuildConfiguration;
			buildSettings = {
				ASSETCATALOG_COMPILER_APPICON_NAME = AppIcon;
				INFOPLIST_FILE = MyVideoApp/Info.plist;
				LD_RUNPATH_SEARCH_PATHS = "$(inherited) @executable_path/Frameworks";
				PRODUCT_NAME = "$(TARGET_NAME)";
			};
			name = Debug;
		};
		8403F10C1B2D0FA600A7B97D /* Release */ = {
			isa = XCBuildConfiguration;
			buildSettings = {
				ASSETCATALOG_COMPILER_APPICON_NAME = AppIcon;
				INFOPLIST_FILE = MyVideoApp/Info.plist;
				LD_RUNPATH_SEARCH_PATHS = "$(inherited) @executable_path/Frameworks";
				PRODUCT_NAME = "$(TARGET_NAME)";
			};
			name = Release;
		};
		8403F10E1B2D0FA600A7B97D /* Debug */ = {
			isa = XCBuildConfiguration;
			buildSettings = {
				BUNDLE_LOADER = "$(TEST_HOST)";
				FRAMEWORK_SEARCH_PATHS = (
					"$(SDKROOT)/Developer/Library/Frameworks",
					"$(inherited)",
				);
				GCC_PREPROCESSOR_DEFINITIONS = (
					"DEBUG=1",
					"$(inherited)",
				);
				INFOPLIST_FILE = MyVideoAppTests/Info.plist;
				LD_RUNPATH_SEARCH_PATHS = "$(inherited) @executable_path/Frameworks @loader_path/Frameworks";
				PRODUCT_NAME = "$(TARGET_NAME)";
				TEST_HOST = "$(BUILT_PRODUCTS_DIR)/MyVideoApp.app/MyVideoApp";
			};
			name = Debug;
		};
		8403F10F1B2D0FA600A7B97D /* Release */ = {
			isa = XCBuildConfiguration;
			buildSettings = {
				BUNDLE_LOADER = "$(TEST_HOST)";
				FRAMEWORK_SEARCH_PATHS = (
					"$(SDKROOT)/Developer/Library/Frameworks",
					"$(inherited)",
				);
				INFOPLIST_FILE = MyVideoAppTests/Info.plist;
				LD_RUNPATH_SEARCH_PATHS = "$(inherited) @executable_path/Frameworks @loader_path/Frameworks";
				PRODUCT_NAME = "$(TARGET_NAME)";
				TEST_HOST = "$(BUILT_PRODUCTS_DIR)/MyVideoApp.app/MyVideoApp";
			};
			name = Release;
		};
/* End XCBuildConfiguration section */

/* Begin XCConfigurationList section */
		8403F0E31B2D0FA500A7B97D /* Build configuration list for PBXProject "MyVideoApp" */ = {
			isa = XCConfigurationList;
			buildConfigurations = (
				8403F1081B2D0FA600A7B97D /* Debug */,
				8403F1091B2D0FA600A7B97D /* Release */,
			);
			defaultConfigurationIsVisible = 0;
			defaultConfigurationName = Release;
		};
		8403F10A1B2D0FA600A7B97D /* Build configuration list for PBXNativeTarget "MyVideoApp" */ = {
			isa = XCConfigurationList;
			buildConfigurations = (
				8403F10B1B2D0FA600A7B97D /* Debug */,
				8403F10C1B2D0FA600A7B97D /* Release */,
			);
			defaultConfigurationIsVisible = 0;
		};
		8403F10D1B2D0FA600A7B97D /* Build configuration list for PBXNativeTarget "MyVideoAppTests" */ = {
			isa = XCConfigurationList;
			buildConfigurations = (
				8403F10E1B2D0FA600A7B97D /* Debug */,
				8403F10F1B2D0FA600A7B97D /* Release */,
			);
			defaultConfigurationIsVisible = 0;
		};
/* End XCConfigurationList section */

/* Begin XCVersionGroup section */
		8403F0EF1B2D0FA500A7B97D /* MyVideoApp.xcdatamodeld */ = {
			isa = XCVersionGroup;
			children = (
				8403F0F01B2D0FA500A7B97D /* MyVideoApp.xcdatamodel */,
			);
			currentVersion = 8403F0F01B2D0FA500A7B97D /* MyVideoApp.xcdatamodel */;
			path = MyVideoApp.xcdatamodeld;
			sourceTree = "<group>";
			versionGroupType = wrapper.xcdatamodel;
		};
/* End XCVersionGroup section */
	};
	rootObject = 8403F0E01B2D0FA500A7B97D /* Project object */;
}
